
Microsoft Visual Studio Solution File, Format Version 12.00
# Visual Studio 15
VisualStudioVersion = 15.0.33026.149
MinimumVisualStudioVersion = 10.0.40219.1
Project("{8BC9CEB8-8B4A-11D0-8D11-00A0C91BC942}") = "rnetonnxdll_win10", "rnetonnxdll_win10\rnetonnxdll_win10.vcxproj", "{94C25361-B87D-4038-9786-AD4B7E24FD00}"
EndProject
Project("{8BC9CEB8-8B4A-11D0-8D11-00A0C91BC942}") = "testdll", "testdll\testdll.vcxproj", "{5930FD63-4FBF-479C-B6F9-190FD4BB4990}"
EndProject
Global
	GlobalSection(SolutionConfigurationPlatforms) = preSolution
		Debug|x64 = Debug|x64
		Debug|x86 = Debug|x86
		Release|x64 = Release|x64
		Release|x86 = Release|x86
	EndGlobalSection
	GlobalSection(ProjectConfigurationPlatforms) = postSolution
		{94C25361-B87D-4038-9786-AD4B7E24FD00}.Debug|x64.ActiveCfg = Debug|x64
		{94C25361-B87D-4038-9786-AD4B7E24FD00}.Debug|x64.Build.0 = Debug|x64
		{94C25361-B87D-4038-9786-AD4B7E24FD00}.Debug|x86.ActiveCfg = Debug|Win32
		{94C25361-B87D-4038-9786-AD4B7E24FD00}.Debug|x86.Build.0 = Debug|Win32
		{94C25361-B87D-4038-9786-AD4B7E24FD00}.Release|x64.ActiveCfg = Release|x64
		{94C25361-B87D-4038-9786-AD4B7E24FD00}.Release|x64.Build.0 = Release|x64
		{94C25361-B87D-4038-9786-AD4B7E24FD00}.Release|x86.ActiveCfg = Release|Win32
		{94C25361-B87D-4038-9786-AD4B7E24FD00}.Release|x86.Build.0 = Release|Win32
		{5930FD63-4FBF-479C-B6F9-190FD4BB4990}.Debug|x64.ActiveCfg = Debug|x64
		{5930FD63-4FBF-479C-B6F9-190FD4BB4990}.Debug|x64.Build.0 = Debug|x64
		{5930FD63-4FBF-479C-B6F9-190FD4BB4990}.Debug|x86.ActiveCfg = Debug|Win32
		{5930FD63-4FBF-479C-B6F9-190FD4BB4990}.Debug|x86.Build.0 = Debug|Win32
		{5930FD63-4FBF-479C-B6F9-190FD4BB4990}.Release|x64.ActiveCfg = Release|x64
		{5930FD63-4FBF-479C-B6F9-190FD4BB4990}.Release|x64.Build.0 = Release|x64
		{5930FD63-4FBF-479C-B6F9-190FD4BB4990}.Release|x86.ActiveCfg = Release|Win32
		{5930FD63-4FBF-479C-B6F9-190FD4BB4990}.Release|x86.Build.0 = Release|Win32
	EndGlobalSection
	GlobalSection(SolutionProperties) = preSolution
		HideSolutionNode = FALSE
	EndGlobalSection
	GlobalSection(ExtensibilityGlobals) = postSolution
		SolutionGuid = {F3042EE0-AEAE-428B-8F05-61FF0DF43CD8}
	EndGlobalSection
EndGlobal
